
Microsoft Visual Studio Solution File, Format Version 12.00
# Visual Studio Version 17
VisualStudioVersion = 17.11.35312.102
MinimumVisualStudioVersion = 10.0.40219.1
Project("{FAE04EC0-301F-11D3-BF4B-00C04F79EFBC}") = "Todolist", "Todolist\Todolist.csproj", "{E855C549-AA32-40C7-B809-EBD1A9E5E791}"
EndProject
Global
	GlobalSection(SolutionConfigurationPlatforms) = preSolution
		Debug|Any CPU = Debug|Any CPU
		Release|Any CPU = Release|Any CPU
	EndGlobalSection
	GlobalSection(ProjectConfigurationPlatforms) = postSolution
		{E855C549-AA32-40C7-B809-EBD1A9E5E791}.Debug|Any CPU.ActiveCfg = Debug|Any CPU
		{E855C549-AA32-40C7-B809-EBD1A9E5E791}.Debug|Any CPU.Build.0 = Debug|Any CPU
		{E855C549-AA32-40C7-B809-EBD1A9E5E791}.Release|Any CPU.ActiveCfg = Release|Any CPU
		{E855C549-AA32-40C7-B809-EBD1A9E5E791}.Release|Any CPU.Build.0 = Release|Any CPU
	EndGlobalSection
	GlobalSection(SolutionProperties) = preSolution
		HideSolutionNode = FALSE
	EndGlobalSection
	GlobalSection(ExtensibilityGlobals) = postSolution
		SolutionGuid = {C55BD1AB-B17C-4ED0-9751-9615848E5129}
	EndGlobalSection
EndGlobal
